
Microsoft Visual Studio Solution File, Format Version 11.00
# Visual Studio 2010
Project("{FAE04EC0-301F-11D3-BF4B-00C04F79EFBC}") = "xml_scripts", "xml_scripts\xml_scripts.csproj", "{87CEE631-2F6D-4F6E-9C78-8F278659EB07}"
EndProject
Global
	GlobalSection(TeamFoundationVersionControl) = preSolution
		SccNumberOfProjects = 2
		SccEnterpriseProvider = {4CA58AB2-18FA-4F8D-95D4-32DDF27D184C}
		SccTeamFoundationServer = http://tfs.hodesdigital.com:8080/tfs/hodesdigital-iqcollection
		SccLocalPath0 = .
		SccProjectUniqueName1 = xml_scripts\\xml_scripts.csproj
		SccProjectName1 = xml_scripts
		SccLocalPath1 = xml_scripts
	EndGlobalSection
	GlobalSection(SolutionConfigurationPlatforms) = preSolution
		Debug|Any CPU = Debug|Any CPU
		Release|Any CPU = Release|Any CPU
	EndGlobalSection
	GlobalSection(ProjectConfigurationPlatforms) = postSolution
		{87CEE631-2F6D-4F6E-9C78-8F278659EB07}.Debug|Any CPU.ActiveCfg = Debug|Any CPU
		{87CEE631-2F6D-4F6E-9C78-8F278659EB07}.Debug|Any CPU.Build.0 = Debug|Any CPU
		{87CEE631-2F6D-4F6E-9C78-8F278659EB07}.Release|Any CPU.ActiveCfg = Release|Any CPU
		{87CEE631-2F6D-4F6E-9C78-8F278659EB07}.Release|Any CPU.Build.0 = Release|Any CPU
	EndGlobalSection
	GlobalSection(SolutionProperties) = preSolution
		HideSolutionNode = FALSE
	EndGlobalSection
EndGlobal
