
Microsoft Visual Studio Solution File, Format Version 11.00
# Visual Studio 2010
Project("{FAE04EC0-301F-11D3-BF4B-00C04F79EFBC}") = "AutoFeedCompress", "AutoFeedCompress\AutoFeedCompress.csproj", "{CE79204F-8690-470D-ADBE-B85378A3DAD0}"
EndProject
Project("{FAE04EC0-301F-11D3-BF4B-00C04F79EFBC}") = "ExecuteCompression", "ExecuteCompression\ExecuteCompression.csproj", "{3753CB39-746C-4790-8ABD-5E80FFE3F8D5}"
EndProject
Global
EndGlobal
